
Microsoft Visual Studio Solution File, Format Version 12.00
# Visual Studio 15
VisualStudioVersion = 15.0.27428.2043
MinimumVisualStudioVersion = 10.0.40219.1
Project("{FAE04EC0-301F-11D3-BF4B-00C04F79EFBC}") = "List_Design_GovernmentApp_NJager", "List_Design_GovernmentApp_NJager\List_Design_GovernmentApp_NJager.csproj", "{4A0A55B4-1517-4C73-8181-786E1AD72669}"
EndProject
Global
	GlobalSection(SolutionConfigurationPlatforms) = preSolution
		Debug|Any CPU = Debug|Any CPU
		Release|Any CPU = Release|Any CPU
	EndGlobalSection
	GlobalSection(ProjectConfigurationPlatforms) = postSolution
		{4A0A55B4-1517-4C73-8181-786E1AD72669}.Debug|Any CPU.ActiveCfg = Debug|Any CPU
		{4A0A55B4-1517-4C73-8181-786E1AD72669}.Debug|Any CPU.Build.0 = Debug|Any CPU
		{4A0A55B4-1517-4C73-8181-786E1AD72669}.Release|Any CPU.ActiveCfg = Release|Any CPU
		{4A0A55B4-1517-4C73-8181-786E1AD72669}.Release|Any CPU.Build.0 = Release|Any CPU
	EndGlobalSection
	GlobalSection(SolutionProperties) = preSolution
		HideSolutionNode = FALSE
	EndGlobalSection
	GlobalSection(ExtensibilityGlobals) = postSolution
		SolutionGuid = {6E407016-B054-432D-AB85-E86C5731A1A1}
	EndGlobalSection
EndGlobal
